
Microsoft Visual Studio Solution File, Format Version 12.00
# Visual Studio Version 17
VisualStudioVersion = 17.4.33122.133
MinimumVisualStudioVersion = 10.0.40219.1
Project("{FAE04EC0-301F-11D3-BF4B-00C04F79EFBC}") = "Public API", "Public API\Public API.csproj", "{00FA84EA-BF69-4B49-976A-D1195F5966DF}"
EndProject
Global
	GlobalSection(SolutionConfigurationPlatforms) = preSolution
		Debug|Any CPU = Debug|Any CPU
		Release|Any CPU = Release|Any CPU
	EndGlobalSection
	GlobalSection(ProjectConfigurationPlatforms) = postSolution
		{00FA84EA-BF69-4B49-976A-D1195F5966DF}.Debug|Any CPU.ActiveCfg = Debug|Any CPU
		{00FA84EA-BF69-4B49-976A-D1195F5966DF}.Debug|Any CPU.Build.0 = Debug|Any CPU
		{00FA84EA-BF69-4B49-976A-D1195F5966DF}.Release|Any CPU.ActiveCfg = Release|Any CPU
		{00FA84EA-BF69-4B49-976A-D1195F5966DF}.Release|Any CPU.Build.0 = Release|Any CPU
	EndGlobalSection
	GlobalSection(SolutionProperties) = preSolution
		HideSolutionNode = FALSE
	EndGlobalSection
	GlobalSection(ExtensibilityGlobals) = postSolution
		SolutionGuid = {05E4D9FE-D2DD-4FC8-9103-40E1D2AEB34A}
	EndGlobalSection
EndGlobal
