
Microsoft Visual Studio Solution File, Format Version 12.00
# Visual Studio Version 16
VisualStudioVersion = 16.0.33214.272
MinimumVisualStudioVersion = 10.0.40219.1
Project("{9A19103F-16F7-4668-BE54-9A1E7A4F7556}") = "Application", "Application\Application.csproj", "{634B6627-44BF-43AD-BBAB-99CEECF59E8A}"
EndProject
Project("{9A19103F-16F7-4668-BE54-9A1E7A4F7556}") = "Domain", "Domain\Domain.csproj", "{6AD49234-94C3-4288-BCE0-1ABE5C69FDA3}"
EndProject
Project("{9A19103F-16F7-4668-BE54-9A1E7A4F7556}") = "Persistence", "Persistence\Persistence.csproj", "{CBBD9940-9F15-4CDD-A0ED-11B52B187639}"
EndProject
Project("{9A19103F-16F7-4668-BE54-9A1E7A4F7556}") = "Api", "Api\Api.csproj", "{EE533C36-8674-4BD2-BD3E-B690AE2458B6}"
EndProject
Project("{2150E333-8FDC-42A3-9474-1A3956D46DE8}") = "Solution Items", "Solution Items", "{C71D9285-DF7C-48D9-8558-BF1F7C44EE7C}"
	ProjectSection(SolutionItems) = preProject
		.editorconfig = .editorconfig
	EndProjectSection
EndProject
Project("{9A19103F-16F7-4668-BE54-9A1E7A4F7556}") = "Infrastructure", "Infrastructure\Infrastructure.csproj", "{B5028D26-2464-4DB5-A8EC-10F47734BB7D}"
EndProject
Project("{2150E333-8FDC-42A3-9474-1A3956D46DE8}") = "Tests", "Tests", "{BB7274DA-236C-4E10-9369-F2F95F8A7265}"
EndProject
Project("{9A19103F-16F7-4668-BE54-9A1E7A4F7556}") = "ApplicationTests", "Tests\ApplicationTests\ApplicationTests.csproj", "{DED747C0-9397-4811-88AA-877520631A19}"
EndProject
Global
	GlobalSection(SolutionConfigurationPlatforms) = preSolution
		Debug|Any CPU = Debug|Any CPU
		Release|Any CPU = Release|Any CPU
	EndGlobalSection
	GlobalSection(ProjectConfigurationPlatforms) = postSolution
		{634B6627-44BF-43AD-BBAB-99CEECF59E8A}.Debug|Any CPU.ActiveCfg = Debug|Any CPU
		{634B6627-44BF-43AD-BBAB-99CEECF59E8A}.Debug|Any CPU.Build.0 = Debug|Any CPU
		{634B6627-44BF-43AD-BBAB-99CEECF59E8A}.Release|Any CPU.ActiveCfg = Release|Any CPU
		{634B6627-44BF-43AD-BBAB-99CEECF59E8A}.Release|Any CPU.Build.0 = Release|Any CPU
		{6AD49234-94C3-4288-BCE0-1ABE5C69FDA3}.Debug|Any CPU.ActiveCfg = Debug|Any CPU
		{6AD49234-94C3-4288-BCE0-1ABE5C69FDA3}.Debug|Any CPU.Build.0 = Debug|Any CPU
		{6AD49234-94C3-4288-BCE0-1ABE5C69FDA3}.Release|Any CPU.ActiveCfg = Release|Any CPU
		{6AD49234-94C3-4288-BCE0-1ABE5C69FDA3}.Release|Any CPU.Build.0 = Release|Any CPU
		{CBBD9940-9F15-4CDD-A0ED-11B52B187639}.Debug|Any CPU.ActiveCfg = Debug|Any CPU
		{CBBD9940-9F15-4CDD-A0ED-11B52B187639}.Debug|Any CPU.Build.0 = Debug|Any CPU
		{CBBD9940-9F15-4CDD-A0ED-11B52B187639}.Release|Any CPU.ActiveCfg = Release|Any CPU
		{CBBD9940-9F15-4CDD-A0ED-11B52B187639}.Release|Any CPU.Build.0 = Release|Any CPU
		{EE533C36-8674-4BD2-BD3E-B690AE2458B6}.Debug|Any CPU.ActiveCfg = Debug|Any CPU
		{EE533C36-8674-4BD2-BD3E-B690AE2458B6}.Debug|Any CPU.Build.0 = Debug|Any CPU
		{EE533C36-8674-4BD2-BD3E-B690AE2458B6}.Release|Any CPU.ActiveCfg = Release|Any CPU
		{EE533C36-8674-4BD2-BD3E-B690AE2458B6}.Release|Any CPU.Build.0 = Release|Any CPU
		{B5028D26-2464-4DB5-A8EC-10F47734BB7D}.Debug|Any CPU.ActiveCfg = Debug|Any CPU
		{B5028D26-2464-4DB5-A8EC-10F47734BB7D}.Debug|Any CPU.Build.0 = Debug|Any CPU
		{B5028D26-2464-4DB5-A8EC-10F47734BB7D}.Release|Any CPU.ActiveCfg = Release|Any CPU
		{B5028D26-2464-4DB5-A8EC-10F47734BB7D}.Release|Any CPU.Build.0 = Release|Any CPU
		{DED747C0-9397-4811-88AA-877520631A19}.Debug|Any CPU.ActiveCfg = Debug|Any CPU
		{DED747C0-9397-4811-88AA-877520631A19}.Debug|Any CPU.Build.0 = Debug|Any CPU
		{DED747C0-9397-4811-88AA-877520631A19}.Release|Any CPU.ActiveCfg = Release|Any CPU
		{DED747C0-9397-4811-88AA-877520631A19}.Release|Any CPU.Build.0 = Release|Any CPU
	EndGlobalSection
	GlobalSection(SolutionProperties) = preSolution
		HideSolutionNode = FALSE
	EndGlobalSection
	GlobalSection(NestedProjects) = preSolution
		{DED747C0-9397-4811-88AA-877520631A19} = {BB7274DA-236C-4E10-9369-F2F95F8A7265}
	EndGlobalSection
	GlobalSection(ExtensibilityGlobals) = postSolution
		SolutionGuid = {05E4D9FE-D2DD-4FC8-9103-40E1D2AEB34A}
	EndGlobalSection
EndGlobal
